<Solution>
  <Folder Name="/src/">
    <Project Path="src/Colibri.App/Colibri.App.csproj" />
    <Project Path="src/Colibri.Core/Colibri.Core.csproj" />
    <Project Path="src/Colibri.Engine.Aria2/Colibri.Engine.Aria2.csproj" />
    <Project Path="src/Colibri.NativeHost/Colibri.NativeHost.csproj" />
    <Project Path="src/Colibri.Platform/Colibri.Platform.csproj" />
  </Folder>
  <Folder Name="/tests/">
    <Project Path="tests/Colibri.App.Tests/Colibri.App.Tests.csproj" />
    <Project Path="tests/Colibri.Core.Tests/Colibri.Core.Tests.csproj" />
    <Project Path="tests/Colibri.Engine.Aria2.Tests/Colibri.Engine.Aria2.Tests.csproj" />
  </Folder>
</Solution>
